{
    "_meta": {
        "hash": {
            "sha256": "aca3fc5344bba2aa6f9d399ce2323f3f0b72dd912e7f105e4139526101e2607a"
        },
        "pipfile-spec": 6,
        "requires": {
            "python_version": "3.7"
        },
        "sources": [
            {
                "name": "pypi",
                "url": "https://pypi.org/simple",
                "verify_ssl": true
            }
        ]
    },
    "default": {},
    "develop": {}
}
